// !$*UTF8*$!
{
	archiveVersion = 1;
	classes = {
	};
	objectVersion = 56;
	objects = {

/* Begin PBXBuildFile section */
		2CB2B87E2934AD8000C71FD3 /* QuoteListVM.swift in Sources */ = {isa = PBXBuildFile; fileRef = 2CB2B87D2934AD8000C71FD3 /* QuoteListVM.swift */; };
		2CB2B8802934AD9200C71FD3 /* QuoteListContracts.swift in Sources */ = {isa = PBXBuildFile; fileRef = 2CB2B87F2934AD9200C71FD3 /* QuoteListContracts.swift */; };
		2CB2B8862934AF3E00C71FD3 /* QuoteListPresentation.swift in Sources */ = {isa = PBXBuildFile; fileRef = 2CB2B8852934AF3E00C71FD3 /* QuoteListPresentation.swift */; };
		2CB2B88A2934B8D500C71FD3 /* QuoteListBuilder.swift in Sources */ = {isa = PBXBuildFile; fileRef = 2CB2B8892934B8D500C71FD3 /* QuoteListBuilder.swift */; };
		2CB2B88D2934B9AF00C71FD3 /* AppRouter.swift in Sources */ = {isa = PBXBuildFile; fileRef = 2CB2B88C2934B9AF00C71FD3 /* AppRouter.swift */; };
		2CB2B88F2934BB3700C71FD3 /* QuoteDetailBuilder.swift in Sources */ = {isa = PBXBuildFile; fileRef = 2CB2B88E2934BB3700C71FD3 /* QuoteDetailBuilder.swift */; };
		2CB2B8912934BB5A00C71FD3 /* QuoteDetailContracts.swift in Sources */ = {isa = PBXBuildFile; fileRef = 2CB2B8902934BB5A00C71FD3 /* QuoteDetailContracts.swift */; };
		2CB2B8932934BB6100C71FD3 /* QuoteDetailVC.swift in Sources */ = {isa = PBXBuildFile; fileRef = 2CB2B8922934BB6100C71FD3 /* QuoteDetailVC.swift */; };
		2CB2B8952934BB6800C71FD3 /* QuoteDetailVM.swift in Sources */ = {isa = PBXBuildFile; fileRef = 2CB2B8942934BB6800C71FD3 /* QuoteDetailVM.swift */; };
		2CB2B8972934BBEA00C71FD3 /* QuoteDetailPresentation.swift in Sources */ = {isa = PBXBuildFile; fileRef = 2CB2B8962934BBEA00C71FD3 /* QuoteDetailPresentation.swift */; };
		2CB2B89C2934DD6300C71FD3 /* AuthorDetailContracts.swift in Sources */ = {isa = PBXBuildFile; fileRef = 2CB2B89B2934DD6300C71FD3 /* AuthorDetailContracts.swift */; };
		2CB2B89E2934DD6C00C71FD3 /* AuthorDetailVC.swift in Sources */ = {isa = PBXBuildFile; fileRef = 2CB2B89D2934DD6C00C71FD3 /* AuthorDetailVC.swift */; };
		2CB2B8A02934DD7300C71FD3 /* AuthorDetailVM.swift in Sources */ = {isa = PBXBuildFile; fileRef = 2CB2B89F2934DD7300C71FD3 /* AuthorDetailVM.swift */; };
		2CB2B8A22934DD7D00C71FD3 /* AuthorDetailPresentation.swift in Sources */ = {isa = PBXBuildFile; fileRef = 2CB2B8A12934DD7D00C71FD3 /* AuthorDetailPresentation.swift */; };
		2CB2B8A42934DD8500C71FD3 /* AuthorDetailBuilder.swift in Sources */ = {isa = PBXBuildFile; fileRef = 2CB2B8A32934DD8500C71FD3 /* AuthorDetailBuilder.swift */; };
		2CC0E6612934AB6700AD7A9E /* QuoteListVC.swift in Sources */ = {isa = PBXBuildFile; fileRef = 2CC0E6602934AB6700AD7A9E /* QuoteListVC.swift */; };
		2CF52B332934A1D10078DDFD /* AppDelegate.swift in Sources */ = {isa = PBXBuildFile; fileRef = 2CF52B322934A1D10078DDFD /* AppDelegate.swift */; };
		2CF52B352934A1D10078DDFD /* SceneDelegate.swift in Sources */ = {isa = PBXBuildFile; fileRef = 2CF52B342934A1D10078DDFD /* SceneDelegate.swift */; };
		2CF52B3C2934A1D20078DDFD /* Assets.xcassets in Resources */ = {isa = PBXBuildFile; fileRef = 2CF52B3B2934A1D20078DDFD /* Assets.xcassets */; };
		2CF52B3F2934A1D20078DDFD /* LaunchScreen.storyboard in Resources */ = {isa = PBXBuildFile; fileRef = 2CF52B3D2934A1D20078DDFD /* LaunchScreen.storyboard */; };
		2CF52B4C2934A2F40078DDFD /* NetworkService.swift in Sources */ = {isa = PBXBuildFile; fileRef = 2CF52B4B2934A2F40078DDFD /* NetworkService.swift */; };
		2CF52B512934A3F90078DDFD /* Quotes.swift in Sources */ = {isa = PBXBuildFile; fileRef = 2CF52B502934A3F90078DDFD /* Quotes.swift */; };
/* End PBXBuildFile section */

/* Begin PBXFileReference section */
		2CB2B87D2934AD8000C71FD3 /* QuoteListVM.swift */ = {isa = PBXFileReference; lastKnownFileType = sourcecode.swift; path = QuoteListVM.swift; sourceTree = "<group>"; };
		2CB2B87F2934AD9200C71FD3 /* QuoteListContracts.swift */ = {isa = PBXFileReference; lastKnownFileType = sourcecode.swift; path = QuoteListContracts.swift; sourceTree = "<group>"; };
		2CB2B8852934AF3E00C71FD3 /* QuoteListPresentation.swift */ = {isa = PBXFileReference; lastKnownFileType = sourcecode.swift; path = QuoteListPresentation.swift; sourceTree = "<group>"; };
		2CB2B8892934B8D500C71FD3 /* QuoteListBuilder.swift */ = {isa = PBXFileReference; lastKnownFileType = sourcecode.swift; path = QuoteListBuilder.swift; sourceTree = "<group>"; };
		2CB2B88C2934B9AF00C71FD3 /* AppRouter.swift */ = {isa = PBXFileReference; lastKnownFileType = sourcecode.swift; path = AppRouter.swift; sourceTree = "<group>"; };
		2CB2B88E2934BB3700C71FD3 /* QuoteDetailBuilder.swift */ = {isa = PBXFileReference; lastKnownFileType = sourcecode.swift; path = QuoteDetailBuilder.swift; sourceTree = "<group>"; };
		2CB2B8902934BB5A00C71FD3 /* QuoteDetailContracts.swift */ = {isa = PBXFileReference; lastKnownFileType = sourcecode.swift; path = QuoteDetailContracts.swift; sourceTree = "<group>"; };
		2CB2B8922934BB6100C71FD3 /* QuoteDetailVC.swift */ = {isa = PBXFileReference; lastKnownFileType = sourcecode.swift; path = QuoteDetailVC.swift; sourceTree = "<group>"; };
		2CB2B8942934BB6800C71FD3 /* QuoteDetailVM.swift */ = {isa = PBXFileReference; lastKnownFileType = sourcecode.swift; path = QuoteDetailVM.swift; sourceTree = "<group>"; };
		2CB2B8962934BBEA00C71FD3 /* QuoteDetailPresentation.swift */ = {isa = PBXFileReference; lastKnownFileType = sourcecode.swift; path = QuoteDetailPresentation.swift; sourceTree = "<group>"; };
		2CB2B89B2934DD6300C71FD3 /* AuthorDetailContracts.swift */ = {isa = PBXFileReference; lastKnownFileType = sourcecode.swift; path = AuthorDetailContracts.swift; sourceTree = "<group>"; };
		2CB2B89D2934DD6C00C71FD3 /* AuthorDetailVC.swift */ = {isa = PBXFileReference; lastKnownFileType = sourcecode.swift; path = AuthorDetailVC.swift; sourceTree = "<group>"; };
		2CB2B89F2934DD7300C71FD3 /* AuthorDetailVM.swift */ = {isa = PBXFileReference; lastKnownFileType = sourcecode.swift; path = AuthorDetailVM.swift; sourceTree = "<group>"; };
		2CB2B8A12934DD7D00C71FD3 /* AuthorDetailPresentation.swift */ = {isa = PBXFileReference; lastKnownFileType = sourcecode.swift; path = AuthorDetailPresentation.swift; sourceTree = "<group>"; };
		2CB2B8A32934DD8500C71FD3 /* AuthorDetailBuilder.swift */ = {isa = PBXFileReference; lastKnownFileType = sourcecode.swift; path = AuthorDetailBuilder.swift; sourceTree = "<group>"; };
		2CC0E6602934AB6700AD7A9E /* QuoteListVC.swift */ = {isa = PBXFileReference; lastKnownFileType = sourcecode.swift; path = QuoteListVC.swift; sourceTree = "<group>"; };
		2CF52B2F2934A1D10078DDFD /* MVVM.app */ = {isa = PBXFileReference; explicitFileType = wrapper.application; includeInIndex = 0; path = MVVM.app; sourceTree = BUILT_PRODUCTS_DIR; };
		2CF52B322934A1D10078DDFD /* AppDelegate.swift */ = {isa = PBXFileReference; lastKnownFileType = sourcecode.swift; path = AppDelegate.swift; sourceTree = "<group>"; };
		2CF52B342934A1D10078DDFD /* SceneDelegate.swift */ = {isa = PBXFileReference; lastKnownFileType = sourcecode.swift; path = SceneDelegate.swift; sourceTree = "<group>"; };
		2CF52B3B2934A1D20078DDFD /* Assets.xcassets */ = {isa = PBXFileReference; lastKnownFileType = folder.assetcatalog; path = Assets.xcassets; sourceTree = "<group>"; };
		2CF52B3E2934A1D20078DDFD /* Base */ = {isa = PBXFileReference; lastKnownFileType = file.storyboard; name = Base; path = Base.lproj/LaunchScreen.storyboard; sourceTree = "<group>"; };
		2CF52B402934A1D20078DDFD /* Info.plist */ = {isa = PBXFileReference; lastKnownFileType = text.plist.xml; path = Info.plist; sourceTree = "<group>"; };
		2CF52B4B2934A2F40078DDFD /* NetworkService.swift */ = {isa = PBXFileReference; lastKnownFileType = sourcecode.swift; path = NetworkService.swift; sourceTree = "<group>"; };
		2CF52B502934A3F90078DDFD /* Quotes.swift */ = {isa = PBXFileReference; lastKnownFileType = sourcecode.swift; path = Quotes.swift; sourceTree = "<group>"; };
/* End PBXFileReference section */

/* Begin PBXFrameworksBuildPhase section */
		2CF52B2C2934A1D10078DDFD /* Frameworks */ = {
			isa = PBXFrameworksBuildPhase;
			buildActionMask = 2147483647;
			files = (
			);
			runOnlyForDeploymentPostprocessing = 0;
		};
/* End PBXFrameworksBuildPhase section */

/* Begin PBXGroup section */
		2CB2B88B2934B9A600C71FD3 /* App */ = {
			isa = PBXGroup;
			children = (
				2CB2B88C2934B9AF00C71FD3 /* AppRouter.swift */,
			);
			path = App;
			sourceTree = "<group>";
		};
		2CB2B8992934DBEA00C71FD3 /* AuthorDetail */ = {
			isa = PBXGroup;
			children = (
				2CB2B8A32934DD8500C71FD3 /* AuthorDetailBuilder.swift */,
				2CB2B89B2934DD6300C71FD3 /* AuthorDetailContracts.swift */,
				2CB2B89D2934DD6C00C71FD3 /* AuthorDetailVC.swift */,
				2CB2B89F2934DD7300C71FD3 /* AuthorDetailVM.swift */,
				2CB2B8A12934DD7D00C71FD3 /* AuthorDetailPresentation.swift */,
			);
			path = AuthorDetail;
			sourceTree = "<group>";
		};
		2CF52B262934A1D10078DDFD = {
			isa = PBXGroup;
			children = (
				2CF52B312934A1D10078DDFD /* MVVM */,
				2CF52B302934A1D10078DDFD /* Products */,
			);
			sourceTree = "<group>";
		};
		2CF52B302934A1D10078DDFD /* Products */ = {
			isa = PBXGroup;
			children = (
				2CF52B2F2934A1D10078DDFD /* MVVM.app */,
			);
			name = Products;
			sourceTree = "<group>";
		};
		2CF52B312934A1D10078DDFD /* MVVM */ = {
			isa = PBXGroup;
			children = (
				2CB2B88B2934B9A600C71FD3 /* App */,
				2CF52B482934A2BB0078DDFD /* Service */,
				2CF52B4F2934A3DA0078DDFD /* Model */,
				2CF52B472934A2B40078DDFD /* Screens */,
				2CF52B462934A2AD0078DDFD /* Core */,
				2CF52B402934A1D20078DDFD /* Info.plist */,
			);
			path = MVVM;
			sourceTree = "<group>";
		};
		2CF52B462934A2AD0078DDFD /* Core */ = {
			isa = PBXGroup;
			children = (
				2CF52B322934A1D10078DDFD /* AppDelegate.swift */,
				2CF52B342934A1D10078DDFD /* SceneDelegate.swift */,
				2CF52B3B2934A1D20078DDFD /* Assets.xcassets */,
				2CF52B3D2934A1D20078DDFD /* LaunchScreen.storyboard */,
			);
			path = Core;
			sourceTree = "<group>";
		};
		2CF52B472934A2B40078DDFD /* Screens */ = {
			isa = PBXGroup;
			children = (
				2CF52B492934A2C00078DDFD /* Quote List */,
				2CF52B4A2934A2E00078DDFD /* Quote Detail */,
				2CB2B8992934DBEA00C71FD3 /* AuthorDetail */,
			);
			path = Screens;
			sourceTree = "<group>";
		};
		2CF52B482934A2BB0078DDFD /* Service */ = {
			isa = PBXGroup;
			children = (
				2CF52B4B2934A2F40078DDFD /* NetworkService.swift */,
			);
			path = Service;
			sourceTree = "<group>";
		};
		2CF52B492934A2C00078DDFD /* Quote List */ = {
			isa = PBXGroup;
			children = (
				2CB2B8892934B8D500C71FD3 /* QuoteListBuilder.swift */,
				2CB2B87F2934AD9200C71FD3 /* QuoteListContracts.swift */,
				2CC0E6602934AB6700AD7A9E /* QuoteListVC.swift */,
				2CB2B87D2934AD8000C71FD3 /* QuoteListVM.swift */,
				2CB2B8852934AF3E00C71FD3 /* QuoteListPresentation.swift */,
			);
			path = "Quote List";
			sourceTree = "<group>";
		};
		2CF52B4A2934A2E00078DDFD /* Quote Detail */ = {
			isa = PBXGroup;
			children = (
				2CB2B88E2934BB3700C71FD3 /* QuoteDetailBuilder.swift */,
				2CB2B8902934BB5A00C71FD3 /* QuoteDetailContracts.swift */,
				2CB2B8922934BB6100C71FD3 /* QuoteDetailVC.swift */,
				2CB2B8942934BB6800C71FD3 /* QuoteDetailVM.swift */,
				2CB2B8962934BBEA00C71FD3 /* QuoteDetailPresentation.swift */,
			);
			path = "Quote Detail";
			sourceTree = "<group>";
		};
		2CF52B4F2934A3DA0078DDFD /* Model */ = {
			isa = PBXGroup;
			children = (
				2CF52B502934A3F90078DDFD /* Quotes.swift */,
			);
			path = Model;
			sourceTree = "<group>";
		};
/* End PBXGroup section */

/* Begin PBXNativeTarget section */
		2CF52B2E2934A1D10078DDFD /* MVVM */ = {
			isa = PBXNativeTarget;
			buildConfigurationList = 2CF52B432934A1D20078DDFD /* Build configuration list for PBXNativeTarget "MVVM" */;
			buildPhases = (
				2CF52B2B2934A1D10078DDFD /* Sources */,
				2CF52B2C2934A1D10078DDFD /* Frameworks */,
				2CF52B2D2934A1D10078DDFD /* Resources */,
			);
			buildRules = (
			);
			dependencies = (
			);
			name = MVVM;
			productName = MVVM;
			productReference = 2CF52B2F2934A1D10078DDFD /* MVVM.app */;
			productType = "com.apple.product-type.application";
		};
/* End PBXNativeTarget section */

/* Begin PBXProject section */
		2CF52B272934A1D10078DDFD /* Project object */ = {
			isa = PBXProject;
			attributes = {
				BuildIndependentTargetsInParallel = 1;
				LastSwiftUpdateCheck = 1410;
				LastUpgradeCheck = 1410;
				TargetAttributes = {
					2CF52B2E2934A1D10078DDFD = {
						CreatedOnToolsVersion = 14.1;
					};
				};
			};
			buildConfigurationList = 2CF52B2A2934A1D10078DDFD /* Build configuration list for PBXProject "MVVM" */;
			compatibilityVersion = "Xcode 14.0";
			developmentRegion = en;
			hasScannedForEncodings = 0;
			knownRegions = (
				en,
				Base,
			);
			mainGroup = 2CF52B262934A1D10078DDFD;
			productRefGroup = 2CF52B302934A1D10078DDFD /* Products */;
			projectDirPath = "";
			projectRoot = "";
			targets = (
				2CF52B2E2934A1D10078DDFD /* MVVM */,
			);
		};
/* End PBXProject section */

/* Begin PBXResourcesBuildPhase section */
		2CF52B2D2934A1D10078DDFD /* Resources */ = {
			isa = PBXResourcesBuildPhase;
			buildActionMask = 2147483647;
			files = (
				2CF52B3F2934A1D20078DDFD /* LaunchScreen.storyboard in Resources */,
				2CF52B3C2934A1D20078DDFD /* Assets.xcassets in Resources */,
			);
			runOnlyForDeploymentPostprocessing = 0;
		};
/* End PBXResourcesBuildPhase section */

/* Begin PBXSourcesBuildPhase section */
		2CF52B2B2934A1D10078DDFD /* Sources */ = {
			isa = PBXSourcesBuildPhase;
			buildActionMask = 2147483647;
			files = (
				2CF52B512934A3F90078DDFD /* Quotes.swift in Sources */,
				2CB2B88A2934B8D500C71FD3 /* QuoteListBuilder.swift in Sources */,
				2CB2B8802934AD9200C71FD3 /* QuoteListContracts.swift in Sources */,
				2CB2B88F2934BB3700C71FD3 /* QuoteDetailBuilder.swift in Sources */,
				2CB2B8A02934DD7300C71FD3 /* AuthorDetailVM.swift in Sources */,
				2CB2B8A22934DD7D00C71FD3 /* AuthorDetailPresentation.swift in Sources */,
				2CF52B332934A1D10078DDFD /* AppDelegate.swift in Sources */,
				2CF52B4C2934A2F40078DDFD /* NetworkService.swift in Sources */,
				2CB2B8932934BB6100C71FD3 /* QuoteDetailVC.swift in Sources */,
				2CB2B8A42934DD8500C71FD3 /* AuthorDetailBuilder.swift in Sources */,
				2CB2B8862934AF3E00C71FD3 /* QuoteListPresentation.swift in Sources */,
				2CC0E6612934AB6700AD7A9E /* QuoteListVC.swift in Sources */,
				2CB2B89E2934DD6C00C71FD3 /* AuthorDetailVC.swift in Sources */,
				2CF52B352934A1D10078DDFD /* SceneDelegate.swift in Sources */,
				2CB2B88D2934B9AF00C71FD3 /* AppRouter.swift in Sources */,
				2CB2B8972934BBEA00C71FD3 /* QuoteDetailPresentation.swift in Sources */,
				2CB2B87E2934AD8000C71FD3 /* QuoteListVM.swift in Sources */,
				2CB2B89C2934DD6300C71FD3 /* AuthorDetailContracts.swift in Sources */,
				2CB2B8952934BB6800C71FD3 /* QuoteDetailVM.swift in Sources */,
				2CB2B8912934BB5A00C71FD3 /* QuoteDetailContracts.swift in Sources */,
			);
			runOnlyForDeploymentPostprocessing = 0;
		};
/* End PBXSourcesBuildPhase section */

/* Begin PBXVariantGroup section */
		2CF52B3D2934A1D20078DDFD /* LaunchScreen.storyboard */ = {
			isa = PBXVariantGroup;
			children = (
				2CF52B3E2934A1D20078DDFD /* Base */,
			);
			name = LaunchScreen.storyboard;
			sourceTree = "<group>";
		};
/* End PBXVariantGroup section */

/* Begin XCBuildConfiguration section */
		2CF52B412934A1D20078DDFD /* Debug */ = {
			isa = XCBuildConfiguration;
			buildSettings = {
				ALWAYS_SEARCH_USER_PATHS = NO;
				CLANG_ANALYZER_NONNULL = YES;
				CLANG_ANALYZER_NUMBER_OBJECT_CONVERSION = YES_AGGRESSIVE;
				CLANG_CXX_LANGUAGE_STANDARD = "gnu++20";
				CLANG_ENABLE_MODULES = YES;
				CLANG_ENABLE_OBJC_ARC = YES;
				CLANG_ENABLE_OBJC_WEAK = YES;
				CLANG_WARN_BLOCK_CAPTURE_AUTORELEASING = YES;
				CLANG_WARN_BOOL_CONVERSION = YES;
				CLANG_WARN_COMMA = YES;
				CLANG_WARN_CONSTANT_CONVERSION = YES;
				CLANG_WARN_DEPRECATED_OBJC_IMPLEMENTATIONS = YES;
				CLANG_WARN_DIRECT_OBJC_ISA_USAGE = YES_ERROR;
				CLANG_WARN_DOCUMENTATION_COMMENTS = YES;
				CLANG_WARN_EMPTY_BODY = YES;
				CLANG_WARN_ENUM_CONVERSION = YES;
				CLANG_WARN_INFINITE_RECURSION = YES;
				CLANG_WARN_INT_CONVERSION = YES;
				CLANG_WARN_NON_LITERAL_NULL_CONVERSION = YES;
				CLANG_WARN_OBJC_IMPLICIT_RETAIN_SELF = YES;
				CLANG_WARN_OBJC_LITERAL_CONVERSION = YES;
				CLANG_WARN_OBJC_ROOT_CLASS = YES_ERROR;
				CLANG_WARN_QUOTED_INCLUDE_IN_FRAMEWORK_HEADER = YES;
				CLANG_WARN_RANGE_LOOP_ANALYSIS = YES;
				CLANG_WARN_STRICT_PROTOTYPES = YES;
				CLANG_WARN_SUSPICIOUS_MOVE = YES;
				CLANG_WARN_UNGUARDED_AVAILABILITY = YES_AGGRESSIVE;
				CLANG_WARN_UNREACHABLE_CODE = YES;
				CLANG_WARN__DUPLICATE_METHOD_MATCH = YES;
				COPY_PHASE_STRIP = NO;
				DEBUG_INFORMATION_FORMAT = dwarf;
				ENABLE_STRICT_OBJC_MSGSEND = YES;
				ENABLE_TESTABILITY = YES;
				GCC_C_LANGUAGE_STANDARD = gnu11;
				GCC_DYNAMIC_NO_PIC = NO;
				GCC_NO_COMMON_BLOCKS = YES;
				GCC_OPTIMIZATION_LEVEL = 0;
				GCC_PREPROCESSOR_DEFINITIONS = (
					"DEBUG=1",
					"$(inherited)",
				);
				GCC_WARN_64_TO_32_BIT_CONVERSION = YES;
				GCC_WARN_ABOUT_RETURN_TYPE = YES_ERROR;
				GCC_WARN_UNDECLARED_SELECTOR = YES;
				GCC_WARN_UNINITIALIZED_AUTOS = YES_AGGRESSIVE;
				GCC_WARN_UNUSED_FUNCTION = YES;
				GCC_WARN_UNUSED_VARIABLE = YES;
				IPHONEOS_DEPLOYMENT_TARGET = 16.1;
				MTL_ENABLE_DEBUG_INFO = INCLUDE_SOURCE;
				MTL_FAST_MATH = YES;
				ONLY_ACTIVE_ARCH = YES;
				SDKROOT = iphoneos;
				SWIFT_ACTIVE_COMPILATION_CONDITIONS = DEBUG;
				SWIFT_OPTIMIZATION_LEVEL = "-Onone";
			};
			name = Debug;
		};
		2CF52B422934A1D20078DDFD /* Release */ = {
			isa = XCBuildConfiguration;
			buildSettings = {
				ALWAYS_SEARCH_USER_PATHS = NO;
				CLANG_ANALYZER_NONNULL = YES;
				CLANG_ANALYZER_NUMBER_OBJECT_CONVERSION = YES_AGGRESSIVE;
				CLANG_CXX_LANGUAGE_STANDARD = "gnu++20";
				CLANG_ENABLE_MODULES = YES;
				CLANG_ENABLE_OBJC_ARC = YES;
				CLANG_ENABLE_OBJC_WEAK = YES;
				CLANG_WARN_BLOCK_CAPTURE_AUTORELEASING = YES;
				CLANG_WARN_BOOL_CONVERSION = YES;
				CLANG_WARN_COMMA = YES;
				CLANG_WARN_CONSTANT_CONVERSION = YES;
				CLANG_WARN_DEPRECATED_OBJC_IMPLEMENTATIONS = YES;
				CLANG_WARN_DIRECT_OBJC_ISA_USAGE = YES_ERROR;
				CLANG_WARN_DOCUMENTATION_COMMENTS = YES;
				CLANG_WARN_EMPTY_BODY = YES;
				CLANG_WARN_ENUM_CONVERSION = YES;
				CLANG_WARN_INFINITE_RECURSION = YES;
				CLANG_WARN_INT_CONVERSION = YES;
				CLANG_WARN_NON_LITERAL_NULL_CONVERSION = YES;
				CLANG_WARN_OBJC_IMPLICIT_RETAIN_SELF = YES;
				CLANG_WARN_OBJC_LITERAL_CONVERSION = YES;
				CLANG_WARN_OBJC_ROOT_CLASS = YES_ERROR;
				CLANG_WARN_QUOTED_INCLUDE_IN_FRAMEWORK_HEADER = YES;
				CLANG_WARN_RANGE_LOOP_ANALYSIS = YES;
				CLANG_WARN_STRICT_PROTOTYPES = YES;
				CLANG_WARN_SUSPICIOUS_MOVE = YES;
				CLANG_WARN_UNGUARDED_AVAILABILITY = YES_AGGRESSIVE;
				CLANG_WARN_UNREACHABLE_CODE = YES;
				CLANG_WARN__DUPLICATE_METHOD_MATCH = YES;
				COPY_PHASE_STRIP = NO;
				DEBUG_INFORMATION_FORMAT = "dwarf-with-dsym";
				ENABLE_NS_ASSERTIONS = NO;
				ENABLE_STRICT_OBJC_MSGSEND = YES;
				GCC_C_LANGUAGE_STANDARD = gnu11;
				GCC_NO_COMMON_BLOCKS = YES;
				GCC_WARN_64_TO_32_BIT_CONVERSION = YES;
				GCC_WARN_ABOUT_RETURN_TYPE = YES_ERROR;
				GCC_WARN_UNDECLARED_SELECTOR = YES;
				GCC_WARN_UNINITIALIZED_AUTOS = YES_AGGRESSIVE;
				GCC_WARN_UNUSED_FUNCTION = YES;
				GCC_WARN_UNUSED_VARIABLE = YES;
				IPHONEOS_DEPLOYMENT_TARGET = 16.1;
				MTL_ENABLE_DEBUG_INFO = NO;
				MTL_FAST_MATH = YES;
				SDKROOT = iphoneos;
				SWIFT_COMPILATION_MODE = wholemodule;
				SWIFT_OPTIMIZATION_LEVEL = "-O";
				VALIDATE_PRODUCT = YES;
			};
			name = Release;
		};
		2CF52B442934A1D20078DDFD /* Debug */ = {
			isa = XCBuildConfiguration;
			buildSettings = {
				ASSETCATALOG_COMPILER_APPICON_NAME = AppIcon;
				ASSETCATALOG_COMPILER_GLOBAL_ACCENT_COLOR_NAME = AccentColor;
				CODE_SIGN_STYLE = Automatic;
				CURRENT_PROJECT_VERSION = 1;
				DEVELOPMENT_TEAM = 49Z33V7QZW;
				GENERATE_INFOPLIST_FILE = YES;
				INFOPLIST_FILE = MVVM/Info.plist;
				INFOPLIST_KEY_UIApplicationSupportsIndirectInputEvents = YES;
				INFOPLIST_KEY_UILaunchStoryboardName = LaunchScreen;
				INFOPLIST_KEY_UISupportedInterfaceOrientations = UIInterfaceOrientationPortrait;
				INFOPLIST_KEY_UISupportedInterfaceOrientations_iPad = "UIInterfaceOrientationLandscapeLeft UIInterfaceOrientationLandscapeRight UIInterfaceOrientationPortrait UIInterfaceOrientationPortraitUpsideDown";
				IPHONEOS_DEPLOYMENT_TARGET = 13.0;
				LD_RUNPATH_SEARCH_PATHS = (
					"$(inherited)",
					"@executable_path/Frameworks",
				);
				MARKETING_VERSION = 1.0;
				PRODUCT_BUNDLE_IDENTIFIER = com.sameddagl.MVVM;
				PRODUCT_NAME = "$(TARGET_NAME)";
				SWIFT_EMIT_LOC_STRINGS = YES;
				SWIFT_VERSION = 5.0;
				TARGETED_DEVICE_FAMILY = "1,2";
			};
			name = Debug;
		};
		2CF52B452934A1D20078DDFD /* Release */ = {
			isa = XCBuildConfiguration;
			buildSettings = {
				ASSETCATALOG_COMPILER_APPICON_NAME = AppIcon;
				ASSETCATALOG_COMPILER_GLOBAL_ACCENT_COLOR_NAME = AccentColor;
				CODE_SIGN_STYLE = Automatic;
				CURRENT_PROJECT_VERSION = 1;
				DEVELOPMENT_TEAM = 49Z33V7QZW;
				GENERATE_INFOPLIST_FILE = YES;
				INFOPLIST_FILE = MVVM/Info.plist;
				INFOPLIST_KEY_UIApplicationSupportsIndirectInputEvents = YES;
				INFOPLIST_KEY_UILaunchStoryboardName = LaunchScreen;
				INFOPLIST_KEY_UISupportedInterfaceOrientations = UIInterfaceOrientationPortrait;
				INFOPLIST_KEY_UISupportedInterfaceOrientations_iPad = "UIInterfaceOrientationLandscapeLeft UIInterfaceOrientationLandscapeRight UIInterfaceOrientationPortrait UIInterfaceOrientationPortraitUpsideDown";
				IPHONEOS_DEPLOYMENT_TARGET = 13.0;
				LD_RUNPATH_SEARCH_PATHS = (
					"$(inherited)",
					"@executable_path/Frameworks",
				);
				MARKETING_VERSION = 1.0;
				PRODUCT_BUNDLE_IDENTIFIER = com.sameddagl.MVVM;
				PRODUCT_NAME = "$(TARGET_NAME)";
				SWIFT_EMIT_LOC_STRINGS = YES;
				SWIFT_VERSION = 5.0;
				TARGETED_DEVICE_FAMILY = "1,2";
			};
			name = Release;
		};
/* End XCBuildConfiguration section */

/* Begin XCConfigurationList section */
		2CF52B2A2934A1D10078DDFD /* Build configuration list for PBXProject "MVVM" */ = {
			isa = XCConfigurationList;
			buildConfigurations = (
				2CF52B412934A1D20078DDFD /* Debug */,
				2CF52B422934A1D20078DDFD /* Release */,
			);
			defaultConfigurationIsVisible = 0;
			defaultConfigurationName = Release;
		};
		2CF52B432934A1D20078DDFD /* Build configuration list for PBXNativeTarget "MVVM" */ = {
			isa = XCConfigurationList;
			buildConfigurations = (
				2CF52B442934A1D20078DDFD /* Debug */,
				2CF52B452934A1D20078DDFD /* Release */,
			);
			defaultConfigurationIsVisible = 0;
			defaultConfigurationName = Release;
		};
/* End XCConfigurationList section */
	};
	rootObject = 2CF52B272934A1D10078DDFD /* Project object */;
}
